# Pinned TFLite C library archives, used by hook/tflite.dart.
#
# To upgrade, run: tool/update_tflite_lock.sh [tag]
# which downloads each archive and rewrites the checksums below.
#
# Everything comes from one release of one repository — one tag, nine archives,
# one TensorFlow version — built from the TensorFlow sources by that
# repository's build.sh in CI, so Android, iOS and the desktops link the same
# runtime. The tag names the TensorFlow version and that repository's build
# revision, because both decide the bytes.

TFLITE_VERSION=v2.17.1-b4
TFLITE_REPO=wilinz/litert-builds
SHA_android_arm64=5f36181cbcff56312b89589daafc5793c11f4b8496644e96faf947d894daa684
SHA_android_arm=d6ea3dd33befbc261ab2fef0c6fe6d9f7611bd79ab70c27dd6e420c67093e138
SHA_android_x64=a99da76d53beaff196878befa3ca688a13125b987fe27926a3df1159c624ab26
SHA_ios_device=36e32195ed3d67f877d996aa5bd613d47a0246ff0021819f7133aefd48501330
SHA_ios_simulator=20e95f46621c441a975a5ec328aa4292317c4b1ea8615536ae754562afcfa9c0
SHA_darwin_universal=3eb279e9bb8262e0aa41f8cc1542fb1ca51a06d83e62e93fa049b3f72ca584df
SHA_linux_amd64=650d7c092ff65223ec10cca5c583b1d3530fad3dea1c5ff98117ca671459dca9
SHA_linux_arm64=d70dceffe63826b887512d8e355bbae7f4e2a4539dc8c71bc2211ec1a639886f
SHA_windows_amd64=0ae70d18da1bc74fc017c6dbba583048ffc3b52afc7c0e0095698d5b76495383
